// !$*UTF8*$!
{
	archiveVersion = 1;
	classes = {
	};
	objectVersion = 56;
	objects = {

/* Begin PBXBuildFile section */
		934F4DFF2B0208CF0029B683 /* AppDelegate.swift in Sources */ = {isa = PBXBuildFile; fileRef = 934F4DFE2B0208CF0029B683 /* AppDelegate.swift */; };
		934F4E012B0208CF0029B683 /* SceneDelegate.swift in Sources */ = {isa = PBXBuildFile; fileRef = 934F4E002B0208CF0029B683 /* SceneDelegate.swift */; };
		934F4E062B0208CF0029B683 /* Main.storyboard in Resources */ = {isa = PBXBuildFile; fileRef = 934F4E042B0208CF0029B683 /* Main.storyboard */; };
		934F4E082B0208D00029B683 /* Assets.xcassets in Resources */ = {isa = PBXBuildFile; fileRef = 934F4E072B0208D00029B683 /* Assets.xcassets */; };
		934F4E0B2B0208D00029B683 /* LaunchScreen.storyboard in Resources */ = {isa = PBXBuildFile; fileRef = 934F4E092B0208D00029B683 /* LaunchScreen.storyboard */; };
		934F4E132B02092F0029B683 /* StoreItemContainerViewController.swift in Sources */ = {isa = PBXBuildFile; fileRef = 934F4E122B02092F0029B683 /* StoreItemContainerViewController.swift */; };
		934F4E172B020F230029B683 /* StoreItemListTableViewController.swift in Sources */ = {isa = PBXBuildFile; fileRef = 934F4E162B020F230029B683 /* StoreItemListTableViewController.swift */; };
		934F4E192B020F350029B683 /* StoreItemCollectionViewController.swift in Sources */ = {isa = PBXBuildFile; fileRef = 934F4E182B020F350029B683 /* StoreItemCollectionViewController.swift */; };
		934F4E1B2B0214270029B683 /* ItemTableViewCell.swift in Sources */ = {isa = PBXBuildFile; fileRef = 934F4E1A2B0214270029B683 /* ItemTableViewCell.swift */; };
		934F4E1D2B0215E00029B683 /* StoreItem.swift in Sources */ = {isa = PBXBuildFile; fileRef = 934F4E1C2B0215E00029B683 /* StoreItem.swift */; };
		934F4E1F2B0223A30029B683 /* StoreItemController.swift in Sources */ = {isa = PBXBuildFile; fileRef = 934F4E1E2B0223A30029B683 /* StoreItemController.swift */; };
		934F4E212B034AC50029B683 /* ItemCollectionViewCell.swift in Sources */ = {isa = PBXBuildFile; fileRef = 934F4E202B034AC50029B683 /* ItemCollectionViewCell.swift */; };
		934F4E232B036DE70029B683 /* ItemDisplaying.swift in Sources */ = {isa = PBXBuildFile; fileRef = 934F4E222B036DE70029B683 /* ItemDisplaying.swift */; };
		93AE1C7C2B0B78CC0022A6AB /* SearchScope.swift in Sources */ = {isa = PBXBuildFile; fileRef = 93AE1C7B2B0B78CC0022A6AB /* SearchScope.swift */; };
/* End PBXBuildFile section */

/* Begin PBXFileReference section */
		934F4DFB2B0208CF0029B683 /* MyLabiTunesSearchPart4.app */ = {isa = PBXFileReference; explicitFileType = wrapper.application; includeInIndex = 0; path = MyLabiTunesSearchPart4.app; sourceTree = BUILT_PRODUCTS_DIR; };
		934F4DFE2B0208CF0029B683 /* AppDelegate.swift */ = {isa = PBXFileReference; lastKnownFileType = sourcecode.swift; path = AppDelegate.swift; sourceTree = "<group>"; };
		934F4E002B0208CF0029B683 /* SceneDelegate.swift */ = {isa = PBXFileReference; lastKnownFileType = sourcecode.swift; path = SceneDelegate.swift; sourceTree = "<group>"; };
		934F4E052B0208CF0029B683 /* Base */ = {isa = PBXFileReference; lastKnownFileType = file.storyboard; name = Base; path = Base.lproj/Main.storyboard; sourceTree = "<group>"; };
		934F4E072B0208D00029B683 /* Assets.xcassets */ = {isa = PBXFileReference; lastKnownFileType = folder.assetcatalog; path = Assets.xcassets; sourceTree = "<group>"; };
		934F4E0A2B0208D00029B683 /* Base */ = {isa = PBXFileReference; lastKnownFileType = file.storyboard; name = Base; path = Base.lproj/LaunchScreen.storyboard; sourceTree = "<group>"; };
		934F4E0C2B0208D00029B683 /* Info.plist */ = {isa = PBXFileReference; lastKnownFileType = text.plist.xml; path = Info.plist; sourceTree = "<group>"; };
		934F4E122B02092F0029B683 /* StoreItemContainerViewController.swift */ = {isa = PBXFileReference; lastKnownFileType = sourcecode.swift; path = StoreItemContainerViewController.swift; sourceTree = "<group>"; };
		934F4E162B020F230029B683 /* StoreItemListTableViewController.swift */ = {isa = PBXFileReference; lastKnownFileType = sourcecode.swift; path = StoreItemListTableViewController.swift; sourceTree = "<group>"; };
		934F4E182B020F350029B683 /* StoreItemCollectionViewController.swift */ = {isa = PBXFileReference; lastKnownFileType = sourcecode.swift; path = StoreItemCollectionViewController.swift; sourceTree = "<group>"; };
		934F4E1A2B0214270029B683 /* ItemTableViewCell.swift */ = {isa = PBXFileReference; lastKnownFileType = sourcecode.swift; path = ItemTableViewCell.swift; sourceTree = "<group>"; };
		934F4E1C2B0215E00029B683 /* StoreItem.swift */ = {isa = PBXFileReference; lastKnownFileType = sourcecode.swift; path = StoreItem.swift; sourceTree = "<group>"; };
		934F4E1E2B0223A30029B683 /* StoreItemController.swift */ = {isa = PBXFileReference; lastKnownFileType = sourcecode.swift; path = StoreItemController.swift; sourceTree = "<group>"; };
		934F4E202B034AC50029B683 /* ItemCollectionViewCell.swift */ = {isa = PBXFileReference; lastKnownFileType = sourcecode.swift; path = ItemCollectionViewCell.swift; sourceTree = "<group>"; };
		934F4E222B036DE70029B683 /* ItemDisplaying.swift */ = {isa = PBXFileReference; lastKnownFileType = sourcecode.swift; path = ItemDisplaying.swift; sourceTree = "<group>"; };
		93AE1C7B2B0B78CC0022A6AB /* SearchScope.swift */ = {isa = PBXFileReference; lastKnownFileType = sourcecode.swift; path = SearchScope.swift; sourceTree = "<group>"; };
/* End PBXFileReference section */

/* Begin PBXFrameworksBuildPhase section */
		934F4DF82B0208CF0029B683 /* Frameworks */ = {
			isa = PBXFrameworksBuildPhase;
			buildActionMask = 2147483647;
			files = (
			);
			runOnlyForDeploymentPostprocessing = 0;
		};
/* End PBXFrameworksBuildPhase section */

/* Begin PBXGroup section */
		934F4DF22B0208CF0029B683 = {
			isa = PBXGroup;
			children = (
				934F4DFD2B0208CF0029B683 /* MyLabiTunesSearchPart4 */,
				934F4DFC2B0208CF0029B683 /* Products */,
			);
			sourceTree = "<group>";
		};
		934F4DFC2B0208CF0029B683 /* Products */ = {
			isa = PBXGroup;
			children = (
				934F4DFB2B0208CF0029B683 /* MyLabiTunesSearchPart4.app */,
			);
			name = Products;
			sourceTree = "<group>";
		};
		934F4DFD2B0208CF0029B683 /* MyLabiTunesSearchPart4 */ = {
			isa = PBXGroup;
			children = (
				934F4E262B03AEA40029B683 /* View Controllers */,
				934F4E252B03AE920029B683 /* Models */,
				934F4E242B03ADED0029B683 /* Views */,
				934F4E272B03AEF70029B683 /* Protocols */,
				934F4DFE2B0208CF0029B683 /* AppDelegate.swift */,
				93AE1C7B2B0B78CC0022A6AB /* SearchScope.swift */,
				934F4E002B0208CF0029B683 /* SceneDelegate.swift */,
				934F4E042B0208CF0029B683 /* Main.storyboard */,
				934F4E072B0208D00029B683 /* Assets.xcassets */,
				934F4E092B0208D00029B683 /* LaunchScreen.storyboard */,
				934F4E0C2B0208D00029B683 /* Info.plist */,
			);
			path = MyLabiTunesSearchPart4;
			sourceTree = "<group>";
		};
		934F4E242B03ADED0029B683 /* Views */ = {
			isa = PBXGroup;
			children = (
				934F4E1A2B0214270029B683 /* ItemTableViewCell.swift */,
				934F4E202B034AC50029B683 /* ItemCollectionViewCell.swift */,
			);
			path = Views;
			sourceTree = "<group>";
		};
		934F4E252B03AE920029B683 /* Models */ = {
			isa = PBXGroup;
			children = (
				934F4E1C2B0215E00029B683 /* StoreItem.swift */,
			);
			path = Models;
			sourceTree = "<group>";
		};
		934F4E262B03AEA40029B683 /* View Controllers */ = {
			isa = PBXGroup;
			children = (
				934F4E1E2B0223A30029B683 /* StoreItemController.swift */,
				934F4E162B020F230029B683 /* StoreItemListTableViewController.swift */,
				934F4E182B020F350029B683 /* StoreItemCollectionViewController.swift */,
				934F4E122B02092F0029B683 /* StoreItemContainerViewController.swift */,
			);
			path = "View Controllers";
			sourceTree = "<group>";
		};
		934F4E272B03AEF70029B683 /* Protocols */ = {
			isa = PBXGroup;
			children = (
				934F4E222B036DE70029B683 /* ItemDisplaying.swift */,
			);
			path = Protocols;
			sourceTree = "<group>";
		};
/* End PBXGroup section */

/* Begin PBXNativeTarget section */
		934F4DFA2B0208CF0029B683 /* MyLabiTunesSearchPart4 */ = {
			isa = PBXNativeTarget;
			buildConfigurationList = 934F4E0F2B0208D00029B683 /* Build configuration list for PBXNativeTarget "MyLabiTunesSearchPart4" */;
			buildPhases = (
				934F4DF72B0208CF0029B683 /* Sources */,
				934F4DF82B0208CF0029B683 /* Frameworks */,
				934F4DF92B0208CF0029B683 /* Resources */,
			);
			buildRules = (
			);
			dependencies = (
			);
			name = MyLabiTunesSearchPart4;
			productName = MyLabiTunesSearchPart4;
			productReference = 934F4DFB2B0208CF0029B683 /* MyLabiTunesSearchPart4.app */;
			productType = "com.apple.product-type.application";
		};
/* End PBXNativeTarget section */

/* Begin PBXProject section */
		934F4DF32B0208CF0029B683 /* Project object */ = {
			isa = PBXProject;
			attributes = {
				BuildIndependentTargetsInParallel = 1;
				LastSwiftUpdateCheck = 1500;
				LastUpgradeCheck = 1500;
				TargetAttributes = {
					934F4DFA2B0208CF0029B683 = {
						CreatedOnToolsVersion = 15.0.1;
					};
				};
			};
			buildConfigurationList = 934F4DF62B0208CF0029B683 /* Build configuration list for PBXProject "MyLabiTunesSearchPart4" */;
			compatibilityVersion = "Xcode 14.0";
			developmentRegion = en;
			hasScannedForEncodings = 0;
			knownRegions = (
				en,
				Base,
			);
			mainGroup = 934F4DF22B0208CF0029B683;
			productRefGroup = 934F4DFC2B0208CF0029B683 /* Products */;
			projectDirPath = "";
			projectRoot = "";
			targets = (
				934F4DFA2B0208CF0029B683 /* MyLabiTunesSearchPart4 */,
			);
		};
/* End PBXProject section */

/* Begin PBXResourcesBuildPhase section */
		934F4DF92B0208CF0029B683 /* Resources */ = {
			isa = PBXResourcesBuildPhase;
			buildActionMask = 2147483647;
			files = (
				934F4E0B2B0208D00029B683 /* LaunchScreen.storyboard in Resources */,
				934F4E082B0208D00029B683 /* Assets.xcassets in Resources */,
				934F4E062B0208CF0029B683 /* Main.storyboard in Resources */,
			);
			runOnlyForDeploymentPostprocessing = 0;
		};
/* End PBXResourcesBuildPhase section */

/* Begin PBXSourcesBuildPhase section */
		934F4DF72B0208CF0029B683 /* Sources */ = {
			isa = PBXSourcesBuildPhase;
			buildActionMask = 2147483647;
			files = (
				934F4E192B020F350029B683 /* StoreItemCollectionViewController.swift in Sources */,
				93AE1C7C2B0B78CC0022A6AB /* SearchScope.swift in Sources */,
				934F4E172B020F230029B683 /* StoreItemListTableViewController.swift in Sources */,
				934F4DFF2B0208CF0029B683 /* AppDelegate.swift in Sources */,
				934F4E212B034AC50029B683 /* ItemCollectionViewCell.swift in Sources */,
				934F4E232B036DE70029B683 /* ItemDisplaying.swift in Sources */,
				934F4E1D2B0215E00029B683 /* StoreItem.swift in Sources */,
				934F4E1F2B0223A30029B683 /* StoreItemController.swift in Sources */,
				934F4E132B02092F0029B683 /* StoreItemContainerViewController.swift in Sources */,
				934F4E1B2B0214270029B683 /* ItemTableViewCell.swift in Sources */,
				934F4E012B0208CF0029B683 /* SceneDelegate.swift in Sources */,
			);
			runOnlyForDeploymentPostprocessing = 0;
		};
/* End PBXSourcesBuildPhase section */

/* Begin PBXVariantGroup section */
		934F4E042B0208CF0029B683 /* Main.storyboard */ = {
			isa = PBXVariantGroup;
			children = (
				934F4E052B0208CF0029B683 /* Base */,
			);
			name = Main.storyboard;
			sourceTree = "<group>";
		};
		934F4E092B0208D00029B683 /* LaunchScreen.storyboard */ = {
			isa = PBXVariantGroup;
			children = (
				934F4E0A2B0208D00029B683 /* Base */,
			);
			name = LaunchScreen.storyboard;
			sourceTree = "<group>";
		};
/* End PBXVariantGroup section */

/* Begin XCBuildConfiguration section */
		934F4E0D2B0208D00029B683 /* Debug */ = {
			isa = XCBuildConfiguration;
			buildSettings = {
				ALWAYS_SEARCH_USER_PATHS = NO;
				ASSETCATALOG_COMPILER_GENERATE_SWIFT_ASSET_SYMBOL_EXTENSIONS = YES;
				CLANG_ANALYZER_NONNULL = YES;
				CLANG_ANALYZER_NUMBER_OBJECT_CONVERSION = YES_AGGRESSIVE;
				CLANG_CXX_LANGUAGE_STANDARD = "gnu++20";
				CLANG_ENABLE_MODULES = YES;
				CLANG_ENABLE_OBJC_ARC = YES;
				CLANG_ENABLE_OBJC_WEAK = YES;
				CLANG_WARN_BLOCK_CAPTURE_AUTORELEASING = YES;
				CLANG_WARN_BOOL_CONVERSION = YES;
				CLANG_WARN_COMMA = YES;
				CLANG_WARN_CONSTANT_CONVERSION = YES;
				CLANG_WARN_DEPRECATED_OBJC_IMPLEMENTATIONS = YES;
				CLANG_WARN_DIRECT_OBJC_ISA_USAGE = YES_ERROR;
				CLANG_WARN_DOCUMENTATION_COMMENTS = YES;
				CLANG_WARN_EMPTY_BODY = YES;
				CLANG_WARN_ENUM_CONVERSION = YES;
				CLANG_WARN_INFINITE_RECURSION = YES;
				CLANG_WARN_INT_CONVERSION = YES;
				CLANG_WARN_NON_LITERAL_NULL_CONVERSION = YES;
				CLANG_WARN_OBJC_IMPLICIT_RETAIN_SELF = YES;
				CLANG_WARN_OBJC_LITERAL_CONVERSION = YES;
				CLANG_WARN_OBJC_ROOT_CLASS = YES_ERROR;
				CLANG_WARN_QUOTED_INCLUDE_IN_FRAMEWORK_HEADER = YES;
				CLANG_WARN_RANGE_LOOP_ANALYSIS = YES;
				CLANG_WARN_STRICT_PROTOTYPES = YES;
				CLANG_WARN_SUSPICIOUS_MOVE = YES;
				CLANG_WARN_UNGUARDED_AVAILABILITY = YES_AGGRESSIVE;
				CLANG_WARN_UNREACHABLE_CODE = YES;
				CLANG_WARN__DUPLICATE_METHOD_MATCH = YES;
				COPY_PHASE_STRIP = NO;
				DEBUG_INFORMATION_FORMAT = dwarf;
				ENABLE_STRICT_OBJC_MSGSEND = YES;
				ENABLE_TESTABILITY = YES;
				ENABLE_USER_SCRIPT_SANDBOXING = YES;
				GCC_C_LANGUAGE_STANDARD = gnu17;
				GCC_DYNAMIC_NO_PIC = NO;
				GCC_NO_COMMON_BLOCKS = YES;
				GCC_OPTIMIZATION_LEVEL = 0;
				GCC_PREPROCESSOR_DEFINITIONS = (
					"DEBUG=1",
					"$(inherited)",
				);
				GCC_WARN_64_TO_32_BIT_CONVERSION = YES;
				GCC_WARN_ABOUT_RETURN_TYPE = YES_ERROR;
				GCC_WARN_UNDECLARED_SELECTOR = YES;
				GCC_WARN_UNINITIALIZED_AUTOS = YES_AGGRESSIVE;
				GCC_WARN_UNUSED_FUNCTION = YES;
				GCC_WARN_UNUSED_VARIABLE = YES;
				IPHONEOS_DEPLOYMENT_TARGET = 17.0;
				LOCALIZATION_PREFERS_STRING_CATALOGS = YES;
				MTL_ENABLE_DEBUG_INFO = INCLUDE_SOURCE;
				MTL_FAST_MATH = YES;
				ONLY_ACTIVE_ARCH = YES;
				SDKROOT = iphoneos;
				SWIFT_ACTIVE_COMPILATION_CONDITIONS = "DEBUG $(inherited)";
				SWIFT_OPTIMIZATION_LEVEL = "-Onone";
			};
			name = Debug;
		};
		934F4E0E2B0208D00029B683 /* Release */ = {
			isa = XCBuildConfiguration;
			buildSettings = {
				ALWAYS_SEARCH_USER_PATHS = NO;
				ASSETCATALOG_COMPILER_GENERATE_SWIFT_ASSET_SYMBOL_EXTENSIONS = YES;
				CLANG_ANALYZER_NONNULL = YES;
				CLANG_ANALYZER_NUMBER_OBJECT_CONVERSION = YES_AGGRESSIVE;
				CLANG_CXX_LANGUAGE_STANDARD = "gnu++20";
				CLANG_ENABLE_MODULES = YES;
				CLANG_ENABLE_OBJC_ARC = YES;
				CLANG_ENABLE_OBJC_WEAK = YES;
				CLANG_WARN_BLOCK_CAPTURE_AUTORELEASING = YES;
				CLANG_WARN_BOOL_CONVERSION = YES;
				CLANG_WARN_COMMA = YES;
				CLANG_WARN_CONSTANT_CONVERSION = YES;
				CLANG_WARN_DEPRECATED_OBJC_IMPLEMENTATIONS = YES;
				CLANG_WARN_DIRECT_OBJC_ISA_USAGE = YES_ERROR;
				CLANG_WARN_DOCUMENTATION_COMMENTS = YES;
				CLANG_WARN_EMPTY_BODY = YES;
				CLANG_WARN_ENUM_CONVERSION = YES;
				CLANG_WARN_INFINITE_RECURSION = YES;
				CLANG_WARN_INT_CONVERSION = YES;
				CLANG_WARN_NON_LITERAL_NULL_CONVERSION = YES;
				CLANG_WARN_OBJC_IMPLICIT_RETAIN_SELF = YES;
				CLANG_WARN_OBJC_LITERAL_CONVERSION = YES;
				CLANG_WARN_OBJC_ROOT_CLASS = YES_ERROR;
				CLANG_WARN_QUOTED_INCLUDE_IN_FRAMEWORK_HEADER = YES;
				CLANG_WARN_RANGE_LOOP_ANALYSIS = YES;
				CLANG_WARN_STRICT_PROTOTYPES = YES;
				CLANG_WARN_SUSPICIOUS_MOVE = YES;
				CLANG_WARN_UNGUARDED_AVAILABILITY = YES_AGGRESSIVE;
				CLANG_WARN_UNREACHABLE_CODE = YES;
				CLANG_WARN__DUPLICATE_METHOD_MATCH = YES;
				COPY_PHASE_STRIP = NO;
				DEBUG_INFORMATION_FORMAT = "dwarf-with-dsym";
				ENABLE_NS_ASSERTIONS = NO;
				ENABLE_STRICT_OBJC_MSGSEND = YES;
				ENABLE_USER_SCRIPT_SANDBOXING = YES;
				GCC_C_LANGUAGE_STANDARD = gnu17;
				GCC_NO_COMMON_BLOCKS = YES;
				GCC_WARN_64_TO_32_BIT_CONVERSION = YES;
				GCC_WARN_ABOUT_RETURN_TYPE = YES_ERROR;
				GCC_WARN_UNDECLARED_SELECTOR = YES;
				GCC_WARN_UNINITIALIZED_AUTOS = YES_AGGRESSIVE;
				GCC_WARN_UNUSED_FUNCTION = YES;
				GCC_WARN_UNUSED_VARIABLE = YES;
				IPHONEOS_DEPLOYMENT_TARGET = 17.0;
				LOCALIZATION_PREFERS_STRING_CATALOGS = YES;
				MTL_ENABLE_DEBUG_INFO = NO;
				MTL_FAST_MATH = YES;
				SDKROOT = iphoneos;
				SWIFT_COMPILATION_MODE = wholemodule;
				VALIDATE_PRODUCT = YES;
			};
			name = Release;
		};
		934F4E102B0208D00029B683 /* Debug */ = {
			isa = XCBuildConfiguration;
			buildSettings = {
				ASSETCATALOG_COMPILER_APPICON_NAME = AppIcon;
				ASSETCATALOG_COMPILER_GLOBAL_ACCENT_COLOR_NAME = AccentColor;
				CODE_SIGN_STYLE = Automatic;
				CURRENT_PROJECT_VERSION = 1;
				DEVELOPMENT_TEAM = P8FCS2FB8Z;
				GENERATE_INFOPLIST_FILE = YES;
				INFOPLIST_FILE = MyLabiTunesSearchPart4/Info.plist;
				INFOPLIST_KEY_UIApplicationSupportsIndirectInputEvents = YES;
				INFOPLIST_KEY_UILaunchStoryboardName = LaunchScreen;
				INFOPLIST_KEY_UIMainStoryboardFile = Main;
				INFOPLIST_KEY_UISupportedInterfaceOrientations_iPad = "UIInterfaceOrientationPortrait UIInterfaceOrientationPortraitUpsideDown UIInterfaceOrientationLandscapeLeft UIInterfaceOrientationLandscapeRight";
				INFOPLIST_KEY_UISupportedInterfaceOrientations_iPhone = "UIInterfaceOrientationPortrait UIInterfaceOrientationLandscapeLeft UIInterfaceOrientationLandscapeRight";
				IPHONEOS_DEPLOYMENT_TARGET = 17.0;
				LD_RUNPATH_SEARCH_PATHS = (
					"$(inherited)",
					"@executable_path/Frameworks",
				);
				MARKETING_VERSION = 1.0;
				PRODUCT_BUNDLE_IDENTIFIER = com.tonytsao.MyLabiTunesSearchPart4;
				PRODUCT_NAME = "$(TARGET_NAME)";
				SWIFT_EMIT_LOC_STRINGS = YES;
				SWIFT_VERSION = 5.0;
				TARGETED_DEVICE_FAMILY = "1,2";
			};
			name = Debug;
		};
		934F4E112B0208D00029B683 /* Release */ = {
			isa = XCBuildConfiguration;
			buildSettings = {
				ASSETCATALOG_COMPILER_APPICON_NAME = AppIcon;
				ASSETCATALOG_COMPILER_GLOBAL_ACCENT_COLOR_NAME = AccentColor;
				CODE_SIGN_STYLE = Automatic;
				CURRENT_PROJECT_VERSION = 1;
				DEVELOPMENT_TEAM = P8FCS2FB8Z;
				GENERATE_INFOPLIST_FILE = YES;
				INFOPLIST_FILE = MyLabiTunesSearchPart4/Info.plist;
				INFOPLIST_KEY_UIApplicationSupportsIndirectInputEvents = YES;
				INFOPLIST_KEY_UILaunchStoryboardName = LaunchScreen;
				INFOPLIST_KEY_UIMainStoryboardFile = Main;
				INFOPLIST_KEY_UISupportedInterfaceOrientations_iPad = "UIInterfaceOrientationPortrait UIInterfaceOrientationPortraitUpsideDown UIInterfaceOrientationLandscapeLeft UIInterfaceOrientationLandscapeRight";
				INFOPLIST_KEY_UISupportedInterfaceOrientations_iPhone = "UIInterfaceOrientationPortrait UIInterfaceOrientationLandscapeLeft UIInterfaceOrientationLandscapeRight";
				IPHONEOS_DEPLOYMENT_TARGET = 17.0;
				LD_RUNPATH_SEARCH_PATHS = (
					"$(inherited)",
					"@executable_path/Frameworks",
				);
				MARKETING_VERSION = 1.0;
				PRODUCT_BUNDLE_IDENTIFIER = com.tonytsao.MyLabiTunesSearchPart4;
				PRODUCT_NAME = "$(TARGET_NAME)";
				SWIFT_EMIT_LOC_STRINGS = YES;
				SWIFT_VERSION = 5.0;
				TARGETED_DEVICE_FAMILY = "1,2";
			};
			name = Release;
		};
/* End XCBuildConfiguration section */

/* Begin XCConfigurationList section */
		934F4DF62B0208CF0029B683 /* Build configuration list for PBXProject "MyLabiTunesSearchPart4" */ = {
			isa = XCConfigurationList;
			buildConfigurations = (
				934F4E0D2B0208D00029B683 /* Debug */,
				934F4E0E2B0208D00029B683 /* Release */,
			);
			defaultConfigurationIsVisible = 0;
			defaultConfigurationName = Release;
		};
		934F4E0F2B0208D00029B683 /* Build configuration list for PBXNativeTarget "MyLabiTunesSearchPart4" */ = {
			isa = XCConfigurationList;
			buildConfigurations = (
				934F4E102B0208D00029B683 /* Debug */,
				934F4E112B0208D00029B683 /* Release */,
			);
			defaultConfigurationIsVisible = 0;
			defaultConfigurationName = Release;
		};
/* End XCConfigurationList section */
	};
	rootObject = 934F4DF32B0208CF0029B683 /* Project object */;
}
